# THIS IS AN AUTOGENERATED FILE. DO NOT EDIT THIS FILE DIRECTLY.
# yarn lockfile v1


"@textlint/ast-node-types@^12.0.0":
  version "12.0.0"
  resolved "https://registry.yarnpkg.com/@textlint/ast-node-types/-/ast-node-types-12.0.0.tgz#23bd683f9fc04209ae28bff72954c8aa67c6b1ca"
  integrity sha512-qUjmlpz1vR3AStBA9RPDCVT0/pGtePvBJ5Vb/0PzTrnr04iFktG6P6B1VOmgTh8J9Kl/FonQFo3A9M1Q3UH+JA==

"@textlint/text-to-ast@^12.0.2":
  version "12.0.2"
  resolved "https://registry.yarnpkg.com/@textlint/text-to-ast/-/text-to-ast-12.0.2.tgz#5f2cfa1b00373354a28042dc945e36004c4a148d"
  integrity sha512-vgB4k4CpY59XVrcvWLyFkCoMIVpiUheuy2FC1+Qb44hmoEYT26uglX7SEkBRTQvlzsjChgryzA2PFf2c1wkL0Q==
  dependencies:
    "@textlint/ast-node-types" "^12.0.0"

"@types/node@^16.3.3":
  version "16.3.3"
  resolved "https://registry.yarnpkg.com/@types/node/-/node-16.3.3.tgz#0c30adff37bbbc7a50eb9b58fae2a504d0d88038"
  integrity sha512-8h7k1YgQKxKXWckzFCMfsIwn0Y61UK6tlD6y2lOb3hTOIMlK3t9/QwHOhc81TwU+RMf0As5fj7NPjroERCnejQ==
